
Microsoft Visual Studio Solution File, Format Version 12.00
# Visual Studio Version 17
VisualStudioVersion = 17.4.33110.190
MinimumVisualStudioVersion = 10.0.40219.1
Project("{9A19103F-16F7-4668-BE54-9A1E7A4F7556}") = "sysinternals.installer", "sysinternals.installer\sysinternals.installer.csproj", "{E711F11E-186B-4EA0-952A-F0C440ED4475}"
EndProject
Global
	GlobalSection(SolutionConfigurationPlatforms) = preSolution
		Debug|Any CPU = Debug|Any CPU
		Release|Any CPU = Release|Any CPU
	EndGlobalSection
	GlobalSection(ProjectConfigurationPlatforms) = postSolution
		{E711F11E-186B-4EA0-952A-F0C440ED4475}.Debug|Any CPU.ActiveCfg = Debug|Any CPU
		{E711F11E-186B-4EA0-952A-F0C440ED4475}.Debug|Any CPU.Build.0 = Debug|Any CPU
		{E711F11E-186B-4EA0-952A-F0C440ED4475}.Release|Any CPU.ActiveCfg = Release|Any CPU
		{E711F11E-186B-4EA0-952A-F0C440ED4475}.Release|Any CPU.Build.0 = Release|Any CPU
	EndGlobalSection
	GlobalSection(SolutionProperties) = preSolution
		HideSolutionNode = FALSE
	EndGlobalSection
	GlobalSection(ExtensibilityGlobals) = postSolution
		SolutionGuid = {939E2EFB-5192-426A-A55D-8D09BC21D9EE}
	EndGlobalSection
EndGlobal
